
Microsoft Visual Studio Solution File, Format Version 12.00
# Visual Studio 2012
Project("{FAE04EC0-301F-11D3-BF4B-00C04F79EFBC}") = "MD5Verifier", "MD5Verifier\MD5Verifier.csproj", "{9FFDC884-42F9-4268-8416-3AC4036AA36E}"
EndProject
Global
	GlobalSection(TeamFoundationVersionControl) = preSolution
		SccNumberOfProjects = 2
		SccEnterpriseProvider = {4CA58AB2-18FA-4F8D-95D4-32DDF27D184C}
		SccTeamFoundationServer = https://tfs.codeplex.com/tfs/tfs11
		SccLocalPath0 = .
		SccProjectUniqueName1 = MD5Verifier\\MD5Verifier.csproj
		SccProjectName1 = MD5Verifier
		SccLocalPath1 = MD5Verifier
	EndGlobalSection
	GlobalSection(SolutionConfigurationPlatforms) = preSolution
		Debug|x64 = Debug|x64
		Debug|x86 = Debug|x86
		Release|x64 = Release|x64
		Release|x86 = Release|x86
	EndGlobalSection
	GlobalSection(ProjectConfigurationPlatforms) = postSolution
		{9FFDC884-42F9-4268-8416-3AC4036AA36E}.Debug|x64.ActiveCfg = Debug|x64
		{9FFDC884-42F9-4268-8416-3AC4036AA36E}.Debug|x64.Build.0 = Debug|x64
		{9FFDC884-42F9-4268-8416-3AC4036AA36E}.Debug|x86.ActiveCfg = Debug|x86
		{9FFDC884-42F9-4268-8416-3AC4036AA36E}.Debug|x86.Build.0 = Debug|x86
		{9FFDC884-42F9-4268-8416-3AC4036AA36E}.Release|x64.ActiveCfg = Release|x64
		{9FFDC884-42F9-4268-8416-3AC4036AA36E}.Release|x64.Build.0 = Release|x64
		{9FFDC884-42F9-4268-8416-3AC4036AA36E}.Release|x86.ActiveCfg = Release|x86
		{9FFDC884-42F9-4268-8416-3AC4036AA36E}.Release|x86.Build.0 = Release|x86
	EndGlobalSection
	GlobalSection(SolutionProperties) = preSolution
		HideSolutionNode = FALSE
	EndGlobalSection
EndGlobal
